// !$*UTF8*$!
{
	archiveVersion = 1;
	classes = {
	};
	objectVersion = 46;
	objects = {

/* Begin PBXBuildFile section */
		A417B0481B2C2FA100ABABE4 /* bg-button.png in Resources */ = {isa = PBXBuildFile; fileRef = A417B0471B2C2FA100ABABE4 /* bg-button.png */; };
		A48172071B2BF95F00942223 /* CalculatorViewController.m in Sources */ = {isa = PBXBuildFile; fileRef = A48172061B2BF95F00942223 /* CalculatorViewController.m */; };
		A48172101B2BFA6300942223 /* MsgsViewController.m in Sources */ = {isa = PBXBuildFile; fileRef = A481720F1B2BFA6300942223 /* MsgsViewController.m */; };
		A48172131B2BFA7800942223 /* CalenderViewController.m in Sources */ = {isa = PBXBuildFile; fileRef = A48172121B2BFA7800942223 /* CalenderViewController.m */; };
		A48172161B2BFA8900942223 /* FriendsViewController.m in Sources */ = {isa = PBXBuildFile; fileRef = A48172151B2BFA8900942223 /* FriendsViewController.m */; };
		A48172191B2BFA9800942223 /* OtherViewController.m in Sources */ = {isa = PBXBuildFile; fileRef = A48172181B2BFA9800942223 /* OtherViewController.m */; };
		A481721C1B2BFB0300942223 /* CoolSpyStuffViewController.m in Sources */ = {isa = PBXBuildFile; fileRef = A481721B1B2BFB0300942223 /* CoolSpyStuffViewController.m */; };
		A48172221B2C141F00942223 /* calculator square - Numbs.png in Resources */ = {isa = PBXBuildFile; fileRef = A481721E1B2C141F00942223 /* calculator square - Numbs.png */; };
		A48172231B2C141F00942223 /* calculator square - Operator.png in Resources */ = {isa = PBXBuildFile; fileRef = A481721F1B2C141F00942223 /* calculator square - Operator.png */; };
		A48172241B2C141F00942223 /* calculator square other.png in Resources */ = {isa = PBXBuildFile; fileRef = A48172201B2C141F00942223 /* calculator square other.png */; };
		A48172251B2C141F00942223 /* Untitled-smoothGradient.png in Resources */ = {isa = PBXBuildFile; fileRef = A48172211B2C141F00942223 /* Untitled-smoothGradient.png */; };
		A4F8979E1B29B94A000EBE66 /* main.m in Sources */ = {isa = PBXBuildFile; fileRef = A4F8979D1B29B94A000EBE66 /* main.m */; };
		A4F897A11B29B94B000EBE66 /* AppDelegate.m in Sources */ = {isa = PBXBuildFile; fileRef = A4F897A01B29B94B000EBE66 /* AppDelegate.m */; };
		A4F897A71B29B94B000EBE66 /* Main.storyboard in Resources */ = {isa = PBXBuildFile; fileRef = A4F897A51B29B94B000EBE66 /* Main.storyboard */; };
		A4F897A91B29B94B000EBE66 /* Images.xcassets in Resources */ = {isa = PBXBuildFile; fileRef = A4F897A81B29B94B000EBE66 /* Images.xcassets */; };
		A4F897AC1B29B94B000EBE66 /* LaunchScreen.xib in Resources */ = {isa = PBXBuildFile; fileRef = A4F897AA1B29B94B000EBE66 /* LaunchScreen.xib */; };
		A4F897B81B29B94C000EBE66 /* Project_BlackjackTests.m in Sources */ = {isa = PBXBuildFile; fileRef = A4F897B71B29B94C000EBE66 /* Project_BlackjackTests.m */; };
/* End PBXBuildFile section */

/* Begin PBXContainerItemProxy section */
		A4F897B21B29B94C000EBE66 /* PBXContainerItemProxy */ = {
			isa = PBXContainerItemProxy;
			containerPortal = A4F897901B29B949000EBE66 /* Project object */;
			proxyType = 1;
			remoteGlobalIDString = A4F897971B29B949000EBE66;
			remoteInfo = "Project Blackjack";
		};
/* End PBXContainerItemProxy section */

/* Begin PBXFileReference section */
		A417B0471B2C2FA100ABABE4 /* bg-button.png */ = {isa = PBXFileReference; lastKnownFileType = image.png; path = "bg-button.png"; sourceTree = SOURCE_ROOT; };
		A48172051B2BF95F00942223 /* CalculatorViewController.h */ = {isa = PBXFileReference; fileEncoding = 4; lastKnownFileType = sourcecode.c.h; path = CalculatorViewController.h; sourceTree = "<group>"; };
		A48172061B2BF95F00942223 /* CalculatorViewController.m */ = {isa = PBXFileReference; fileEncoding = 4; lastKnownFileType = sourcecode.c.objc; path = CalculatorViewController.m; sourceTree = "<group>"; };
		A481720E1B2BFA6300942223 /* MsgsViewController.h */ = {isa = PBXFileReference; fileEncoding = 4; lastKnownFileType = sourcecode.c.h; path = MsgsViewController.h; sourceTree = "<group>"; };
		A481720F1B2BFA6300942223 /* MsgsViewController.m */ = {isa = PBXFileReference; fileEncoding = 4; lastKnownFileType = sourcecode.c.objc; path = MsgsViewController.m; sourceTree = "<group>"; };
		A48172111B2BFA7800942223 /* CalenderViewController.h */ = {isa = PBXFileReference; fileEncoding = 4; lastKnownFileType = sourcecode.c.h; path = CalenderViewController.h; sourceTree = "<group>"; };
		A48172121B2BFA7800942223 /* CalenderViewController.m */ = {isa = PBXFileReference; fileEncoding = 4; lastKnownFileType = sourcecode.c.objc; path = CalenderViewController.m; sourceTree = "<group>"; };
		A48172141B2BFA8900942223 /* FriendsViewController.h */ = {isa = PBXFileReference; fileEncoding = 4; lastKnownFileType = sourcecode.c.h; path = FriendsViewController.h; sourceTree = "<group>"; };
		A48172151B2BFA8900942223 /* FriendsViewController.m */ = {isa = PBXFileReference; fileEncoding = 4; lastKnownFileType = sourcecode.c.objc; path = FriendsViewController.m; sourceTree = "<group>"; };
		A48172171B2BFA9800942223 /* OtherViewController.h */ = {isa = PBXFileReference; fileEncoding = 4; lastKnownFileType = sourcecode.c.h; path = OtherViewController.h; sourceTree = "<group>"; };
		A48172181B2BFA9800942223 /* OtherViewController.m */ = {isa = PBXFileReference; fileEncoding = 4; lastKnownFileType = sourcecode.c.objc; path = OtherViewController.m; sourceTree = "<group>"; };
		A481721A1B2BFB0300942223 /* CoolSpyStuffViewController.h */ = {isa = PBXFileReference; fileEncoding = 4; lastKnownFileType = sourcecode.c.h; path = CoolSpyStuffViewController.h; sourceTree = "<group>"; };
		A481721B1B2BFB0300942223 /* CoolSpyStuffViewController.m */ = {isa = PBXFileReference; fileEncoding = 4; lastKnownFileType = sourcecode.c.objc; path = CoolSpyStuffViewController.m; sourceTree = "<group>"; };
		A481721E1B2C141F00942223 /* calculator square - Numbs.png */ = {isa = PBXFileReference; lastKnownFileType = image.png; name = "calculator square - Numbs.png"; path = "Images/calculator square - Numbs.png"; sourceTree = "<group>"; };
		A481721F1B2C141F00942223 /* calculator square - Operator.png */ = {isa = PBXFileReference; lastKnownFileType = image.png; name = "calculator square - Operator.png"; path = "Images/calculator square - Operator.png"; sourceTree = "<group>"; };
		A48172201B2C141F00942223 /* calculator square other.png */ = {isa = PBXFileReference; lastKnownFileType = image.png; name = "calculator square other.png"; path = "Images/calculator square other.png"; sourceTree = "<group>"; };
		A48172211B2C141F00942223 /* Untitled-smoothGradient.png */ = {isa = PBXFileReference; lastKnownFileType = image.png; name = "Untitled-smoothGradient.png"; path = "Images/Untitled-smoothGradient.png"; sourceTree = "<group>"; };
		A4F897981B29B949000EBE66 /* Project Blackjack.app */ = {isa = PBXFileReference; explicitFileType = wrapper.application; includeInIndex = 0; path = "Project Blackjack.app"; sourceTree = BUILT_PRODUCTS_DIR; };
		A4F8979C1B29B94A000EBE66 /* Info.plist */ = {isa = PBXFileReference; lastKnownFileType = text.plist.xml; path = Info.plist; sourceTree = "<group>"; };
		A4F8979D1B29B94A000EBE66 /* main.m */ = {isa = PBXFileReference; lastKnownFileType = sourcecode.c.objc; path = main.m; sourceTree = "<group>"; };
		A4F8979F1B29B94A000EBE66 /* AppDelegate.h */ = {isa = PBXFileReference; lastKnownFileType = sourcecode.c.h; path = AppDelegate.h; sourceTree = "<group>"; };
		A4F897A01B29B94B000EBE66 /* AppDelegate.m */ = {isa = PBXFileReference; lastKnownFileType = sourcecode.c.objc; path = AppDelegate.m; sourceTree = "<group>"; };
		A4F897A61B29B94B000EBE66 /* Base */ = {isa = PBXFileReference; lastKnownFileType = file.storyboard; name = Base; path = Base.lproj/Main.storyboard; sourceTree = "<group>"; };
		A4F897A81B29B94B000EBE66 /* Images.xcassets */ = {isa = PBXFileReference; lastKnownFileType = folder.assetcatalog; path = Images.xcassets; sourceTree = "<group>"; };
		A4F897AB1B29B94B000EBE66 /* Base */ = {isa = PBXFileReference; lastKnownFileType = file.xib; name = Base; path = Base.lproj/LaunchScreen.xib; sourceTree = "<group>"; };
		A4F897B11B29B94C000EBE66 /* Project BlackjackTests.xctest */ = {isa = PBXFileReference; explicitFileType = wrapper.cfbundle; includeInIndex = 0; path = "Project BlackjackTests.xctest"; sourceTree = BUILT_PRODUCTS_DIR; };
		A4F897B61B29B94C000EBE66 /* Info.plist */ = {isa = PBXFileReference; lastKnownFileType = text.plist.xml; path = Info.plist; sourceTree = "<group>"; };
		A4F897B71B29B94C000EBE66 /* Project_BlackjackTests.m */ = {isa = PBXFileReference; lastKnownFileType = sourcecode.c.objc; path = Project_BlackjackTests.m; sourceTree = "<group>"; };
/* End PBXFileReference section */

/* Begin PBXFrameworksBuildPhase section */
		A4F897951B29B949000EBE66 /* Frameworks */ = {
			isa = PBXFrameworksBuildPhase;
			buildActionMask = 2147483647;
			files = (
			);
			runOnlyForDeploymentPostprocessing = 0;
		};
		A4F897AE1B29B94C000EBE66 /* Frameworks */ = {
			isa = PBXFrameworksBuildPhase;
			buildActionMask = 2147483647;
			files = (
			);
			runOnlyForDeploymentPostprocessing = 0;
		};
/* End PBXFrameworksBuildPhase section */

/* Begin PBXGroup section */
		A48172041B2BF93500942223 /* Calculator */ = {
			isa = PBXGroup;
			children = (
				A48172051B2BF95F00942223 /* CalculatorViewController.h */,
				A48172061B2BF95F00942223 /* CalculatorViewController.m */,
			);
			name = Calculator;
			sourceTree = "<group>";
		};
		A48172081B2BF96D00942223 /* Tab Bar */ = {
			isa = PBXGroup;
			children = (
				A481720D1B2BFA4100942223 /* Other */,
				A481720B1B2BF98500942223 /* Msgs */,
				A481720A1B2BF97C00942223 /* Calender */,
				A48172091B2BF97400942223 /* Friends */,
			);
			name = "Tab Bar";
			sourceTree = "<group>";
		};
		A48172091B2BF97400942223 /* Friends */ = {
			isa = PBXGroup;
			children = (
				A48172141B2BFA8900942223 /* FriendsViewController.h */,
				A48172151B2BFA8900942223 /* FriendsViewController.m */,
			);
			name = Friends;
			sourceTree = "<group>";
		};
		A481720A1B2BF97C00942223 /* Calender */ = {
			isa = PBXGroup;
			children = (
				A48172111B2BFA7800942223 /* CalenderViewController.h */,
				A48172121B2BFA7800942223 /* CalenderViewController.m */,
			);
			name = Calender;
			sourceTree = "<group>";
		};
		A481720B1B2BF98500942223 /* Msgs */ = {
			isa = PBXGroup;
			children = (
				A481720E1B2BFA6300942223 /* MsgsViewController.h */,
				A481720F1B2BFA6300942223 /* MsgsViewController.m */,
			);
			name = Msgs;
			sourceTree = "<group>";
		};
		A481720C1B2BF9E900942223 /* Cool stuff */ = {
			isa = PBXGroup;
			children = (
				A481721A1B2BFB0300942223 /* CoolSpyStuffViewController.h */,
				A481721B1B2BFB0300942223 /* CoolSpyStuffViewController.m */,
			);
			name = "Cool stuff";
			sourceTree = "<group>";
		};
		A481720D1B2BFA4100942223 /* Other */ = {
			isa = PBXGroup;
			children = (
				A48172171B2BFA9800942223 /* OtherViewController.h */,
				A48172181B2BFA9800942223 /* OtherViewController.m */,
			);
			name = Other;
			sourceTree = "<group>";
		};
		A481721D1B2C140C00942223 /* Media */ = {
			isa = PBXGroup;
			children = (
				A417B0471B2C2FA100ABABE4 /* bg-button.png */,
				A481721E1B2C141F00942223 /* calculator square - Numbs.png */,
				A481721F1B2C141F00942223 /* calculator square - Operator.png */,
				A48172201B2C141F00942223 /* calculator square other.png */,
				A48172211B2C141F00942223 /* Untitled-smoothGradient.png */,
			);
			name = Media;
			sourceTree = "<group>";
		};
		A4F8978F1B29B949000EBE66 = {
			isa = PBXGroup;
			children = (
				A4F8979A1B29B949000EBE66 /* Project Blackjack */,
			);
			sourceTree = "<group>";
		};
		A4F897991B29B949000EBE66 /* Products */ = {
			isa = PBXGroup;
			children = (
				A4F897981B29B949000EBE66 /* Project Blackjack.app */,
				A4F897B11B29B94C000EBE66 /* Project BlackjackTests.xctest */,
			);
			name = Products;
			path = ..;
			sourceTree = "<group>";
		};
		A4F8979A1B29B949000EBE66 /* Project Blackjack */ = {
			isa = PBXGroup;
			children = (
				A481721D1B2C140C00942223 /* Media */,
				A481720C1B2BF9E900942223 /* Cool stuff */,
				A48172081B2BF96D00942223 /* Tab Bar */,
				A48172041B2BF93500942223 /* Calculator */,
				A4F897A51B29B94B000EBE66 /* Main.storyboard */,
				A4F897A81B29B94B000EBE66 /* Images.xcassets */,
				A4F897AA1B29B94B000EBE66 /* LaunchScreen.xib */,
				A4F8979B1B29B949000EBE66 /* Supporting Files */,
			);
			path = "Project Blackjack";
			sourceTree = "<group>";
		};
		A4F8979B1B29B949000EBE66 /* Supporting Files */ = {
			isa = PBXGroup;
			children = (
				A4F8979F1B29B94A000EBE66 /* AppDelegate.h */,
				A4F897A01B29B94B000EBE66 /* AppDelegate.m */,
				A4F897B41B29B94C000EBE66 /* Project BlackjackTests */,
				A4F897991B29B949000EBE66 /* Products */,
				A4F8979C1B29B94A000EBE66 /* Info.plist */,
				A4F8979D1B29B94A000EBE66 /* main.m */,
			);
			name = "Supporting Files";
			sourceTree = "<group>";
		};
		A4F897B41B29B94C000EBE66 /* Project BlackjackTests */ = {
			isa = PBXGroup;
			children = (
				A4F897B71B29B94C000EBE66 /* Project_BlackjackTests.m */,
				A4F897B51B29B94C000EBE66 /* Supporting Files */,
			);
			path = "Project BlackjackTests";
			sourceTree = SOURCE_ROOT;
		};
		A4F897B51B29B94C000EBE66 /* Supporting Files */ = {
			isa = PBXGroup;
			children = (
				A4F897B61B29B94C000EBE66 /* Info.plist */,
			);
			name = "Supporting Files";
			sourceTree = "<group>";
		};
/* End PBXGroup section */

/* Begin PBXNativeTarget section */
		A4F897971B29B949000EBE66 /* Project Blackjack */ = {
			isa = PBXNativeTarget;
			buildConfigurationList = A4F897BB1B29B94C000EBE66 /* Build configuration list for PBXNativeTarget "Project Blackjack" */;
			buildPhases = (
				A4F897941B29B949000EBE66 /* Sources */,
				A4F897951B29B949000EBE66 /* Frameworks */,
				A4F897961B29B949000EBE66 /* Resources */,
			);
			buildRules = (
			);
			dependencies = (
			);
			name = "Project Blackjack";
			productName = "Project Blackjack";
			productReference = A4F897981B29B949000EBE66 /* Project Blackjack.app */;
			productType = "com.apple.product-type.application";
		};
		A4F897B01B29B94C000EBE66 /* Project BlackjackTests */ = {
			isa = PBXNativeTarget;
			buildConfigurationList = A4F897BE1B29B94C000EBE66 /* Build configuration list for PBXNativeTarget "Project BlackjackTests" */;
			buildPhases = (
				A4F897AD1B29B94C000EBE66 /* Sources */,
				A4F897AE1B29B94C000EBE66 /* Frameworks */,
				A4F897AF1B29B94C000EBE66 /* Resources */,
			);
			buildRules = (
			);
			dependencies = (
				A4F897B31B29B94C000EBE66 /* PBXTargetDependency */,
			);
			name = "Project BlackjackTests";
			productName = "Project BlackjackTests";
			productReference = A4F897B11B29B94C000EBE66 /* Project BlackjackTests.xctest */;
			productType = "com.apple.product-type.bundle.unit-test";
		};
/* End PBXNativeTarget section */

/* Begin PBXProject section */
		A4F897901B29B949000EBE66 /* Project object */ = {
			isa = PBXProject;
			attributes = {
				LastUpgradeCheck = 0630;
				ORGANIZATIONNAME = "Felix King";
				TargetAttributes = {
					A4F897971B29B949000EBE66 = {
						CreatedOnToolsVersion = 6.3.2;
						DevelopmentTeam = M2GNA6RHBK;
					};
					A4F897B01B29B94C000EBE66 = {
						CreatedOnToolsVersion = 6.3.2;
						TestTargetID = A4F897971B29B949000EBE66;
					};
				};
			};
			buildConfigurationList = A4F897931B29B949000EBE66 /* Build configuration list for PBXProject "Project Blackjack" */;
			compatibilityVersion = "Xcode 3.2";
			developmentRegion = English;
			hasScannedForEncodings = 0;
			knownRegions = (
				en,
				Base,
			);
			mainGroup = A4F8978F1B29B949000EBE66;
			productRefGroup = A4F897991B29B949000EBE66 /* Products */;
			projectDirPath = "";
			projectRoot = "";
			targets = (
				A4F897971B29B949000EBE66 /* Project Blackjack */,
				A4F897B01B29B94C000EBE66 /* Project BlackjackTests */,
			);
		};
/* End PBXProject section */

/* Begin PBXResourcesBuildPhase section */
		A4F897961B29B949000EBE66 /* Resources */ = {
			isa = PBXResourcesBuildPhase;
			buildActionMask = 2147483647;
			files = (
				A4F897A71B29B94B000EBE66 /* Main.storyboard in Resources */,
				A48172221B2C141F00942223 /* calculator square - Numbs.png in Resources */,
				A417B0481B2C2FA100ABABE4 /* bg-button.png in Resources */,
				A4F897AC1B29B94B000EBE66 /* LaunchScreen.xib in Resources */,
				A48172251B2C141F00942223 /* Untitled-smoothGradient.png in Resources */,
				A4F897A91B29B94B000EBE66 /* Images.xcassets in Resources */,
				A48172231B2C141F00942223 /* calculator square - Operator.png in Resources */,
				A48172241B2C141F00942223 /* calculator square other.png in Resources */,
			);
			runOnlyForDeploymentPostprocessing = 0;
		};
		A4F897AF1B29B94C000EBE66 /* Resources */ = {
			isa = PBXResourcesBuildPhase;
			buildActionMask = 2147483647;
			files = (
			);
			runOnlyForDeploymentPostprocessing = 0;
		};
/* End PBXResourcesBuildPhase section */

/* Begin PBXSourcesBuildPhase section */
		A4F897941B29B949000EBE66 /* Sources */ = {
			isa = PBXSourcesBuildPhase;
			buildActionMask = 2147483647;
			files = (
				A48172101B2BFA6300942223 /* MsgsViewController.m in Sources */,
				A48172191B2BFA9800942223 /* OtherViewController.m in Sources */,
				A48172161B2BFA8900942223 /* FriendsViewController.m in Sources */,
				A4F897A11B29B94B000EBE66 /* AppDelegate.m in Sources */,
				A48172071B2BF95F00942223 /* CalculatorViewController.m in Sources */,
				A48172131B2BFA7800942223 /* CalenderViewController.m in Sources */,
				A4F8979E1B29B94A000EBE66 /* main.m in Sources */,
				A481721C1B2BFB0300942223 /* CoolSpyStuffViewController.m in Sources */,
			);
			runOnlyForDeploymentPostprocessing = 0;
		};
		A4F897AD1B29B94C000EBE66 /* Sources */ = {
			isa = PBXSourcesBuildPhase;
			buildActionMask = 2147483647;
			files = (
				A4F897B81B29B94C000EBE66 /* Project_BlackjackTests.m in Sources */,
			);
			runOnlyForDeploymentPostprocessing = 0;
		};
/* End PBXSourcesBuildPhase section */

/* Begin PBXTargetDependency section */
		A4F897B31B29B94C000EBE66 /* PBXTargetDependency */ = {
			isa = PBXTargetDependency;
			target = A4F897971B29B949000EBE66 /* Project Blackjack */;
			targetProxy = A4F897B21B29B94C000EBE66 /* PBXContainerItemProxy */;
		};
/* End PBXTargetDependency section */

/* Begin PBXVariantGroup section */
		A4F897A51B29B94B000EBE66 /* Main.storyboard */ = {
			isa = PBXVariantGroup;
			children = (
				A4F897A61B29B94B000EBE66 /* Base */,
			);
			name = Main.storyboard;
			sourceTree = "<group>";
		};
		A4F897AA1B29B94B000EBE66 /* LaunchScreen.xib */ = {
			isa = PBXVariantGroup;
			children = (
				A4F897AB1B29B94B000EBE66 /* Base */,
			);
			name = LaunchScreen.xib;
			sourceTree = "<group>";
		};
/* End PBXVariantGroup section */

/* Begin XCBuildConfiguration section */
		A4F897B91B29B94C000EBE66 /* Debug */ = {
			isa = XCBuildConfiguration;
			buildSettings = {
				ALWAYS_SEARCH_USER_PATHS = NO;
				CLANG_CXX_LANGUAGE_STANDARD = "gnu++0x";
				CLANG_CXX_LIBRARY = "libc++";
				CLANG_ENABLE_MODULES = YES;
				CLANG_ENABLE_OBJC_ARC = YES;
				CLANG_WARN_BOOL_CONVERSION = YES;
				CLANG_WARN_CONSTANT_CONVERSION = YES;
				CLANG_WARN_DIRECT_OBJC_ISA_USAGE = YES_ERROR;
				CLANG_WARN_EMPTY_BODY = YES;
				CLANG_WARN_ENUM_CONVERSION = YES;
				CLANG_WARN_INT_CONVERSION = YES;
				CLANG_WARN_OBJC_ROOT_CLASS = YES_ERROR;
				CLANG_WARN_UNREACHABLE_CODE = YES;
				CLANG_WARN__DUPLICATE_METHOD_MATCH = YES;
				"CODE_SIGN_IDENTITY[sdk=iphoneos*]" = "iPhone Developer";
				COPY_PHASE_STRIP = NO;
				DEBUG_INFORMATION_FORMAT = "dwarf-with-dsym";
				ENABLE_STRICT_OBJC_MSGSEND = YES;
				GCC_C_LANGUAGE_STANDARD = gnu99;
				GCC_DYNAMIC_NO_PIC = NO;
				GCC_NO_COMMON_BLOCKS = YES;
				GCC_OPTIMIZATION_LEVEL = 0;
				GCC_PREPROCESSOR_DEFINITIONS = (
					"DEBUG=1",
					"$(inherited)",
				);
				GCC_SYMBOLS_PRIVATE_EXTERN = NO;
				GCC_WARN_64_TO_32_BIT_CONVERSION = YES;
				GCC_WARN_ABOUT_RETURN_TYPE = YES_ERROR;
				GCC_WARN_UNDECLARED_SELECTOR = YES;
				GCC_WARN_UNINITIALIZED_AUTOS = YES_AGGRESSIVE;
				GCC_WARN_UNUSED_FUNCTION = YES;
				GCC_WARN_UNUSED_VARIABLE = YES;
				IPHONEOS_DEPLOYMENT_TARGET = 8.3;
				MTL_ENABLE_DEBUG_INFO = YES;
				ONLY_ACTIVE_ARCH = YES;
				SDKROOT = iphoneos;
				TARGETED_DEVICE_FAMILY = "1,2";
			};
			name = Debug;
		};
		A4F897BA1B29B94C000EBE66 /* Release */ = {
			isa = XCBuildConfiguration;
			buildSettings = {
				ALWAYS_SEARCH_USER_PATHS = NO;
				CLANG_CXX_LANGUAGE_STANDARD = "gnu++0x";
				CLANG_CXX_LIBRARY = "libc++";
				CLANG_ENABLE_MODULES = YES;
				CLANG_ENABLE_OBJC_ARC = YES;
				CLANG_WARN_BOOL_CONVERSION = YES;
				CLANG_WARN_CONSTANT_CONVERSION = YES;
				CLANG_WARN_DIRECT_OBJC_ISA_USAGE = YES_ERROR;
				CLANG_WARN_EMPTY_BODY = YES;
				CLANG_WARN_ENUM_CONVERSION = YES;
				CLANG_WARN_INT_CONVERSION = YES;
				CLANG_WARN_OBJC_ROOT_CLASS = YES_ERROR;
				CLANG_WARN_UNREACHABLE_CODE = YES;
				CLANG_WARN__DUPLICATE_METHOD_MATCH = YES;
				"CODE_SIGN_IDENTITY[sdk=iphoneos*]" = "iPhone Developer";
				COPY_PHASE_STRIP = NO;
				DEBUG_INFORMATION_FORMAT = "dwarf-with-dsym";
				ENABLE_NS_ASSERTIONS = NO;
				ENABLE_STRICT_OBJC_MSGSEND = YES;
				GCC_C_LANGUAGE_STANDARD = gnu99;
				GCC_NO_COMMON_BLOCKS = YES;
				GCC_WARN_64_TO_32_BIT_CONVERSION = YES;
				GCC_WARN_ABOUT_RETURN_TYPE = YES_ERROR;
				GCC_WARN_UNDECLARED_SELECTOR = YES;
				GCC_WARN_UNINITIALIZED_AUTOS = YES_AGGRESSIVE;
				GCC_WARN_UNUSED_FUNCTION = YES;
				GCC_WARN_UNUSED_VARIABLE = YES;
				IPHONEOS_DEPLOYMENT_TARGET = 8.3;
				MTL_ENABLE_DEBUG_INFO = NO;
				SDKROOT = iphoneos;
				TARGETED_DEVICE_FAMILY = "1,2";
				VALIDATE_PRODUCT = YES;
			};
			name = Release;
		};
		A4F897BC1B29B94C000EBE66 /* Debug */ = {
			isa = XCBuildConfiguration;
			buildSettings = {
				ASSETCATALOG_COMPILER_APPICON_NAME = AppIcon;
				CODE_SIGN_IDENTITY = "iPhone Developer";
				"CODE_SIGN_IDENTITY[sdk=iphoneos*]" = "iPhone Developer";
				INFOPLIST_FILE = "Project Blackjack/Info.plist";
				IPHONEOS_DEPLOYMENT_TARGET = 7.1;
				LD_RUNPATH_SEARCH_PATHS = "$(inherited) @executable_path/Frameworks";
				PRODUCT_NAME = "$(TARGET_NAME)";
				PROVISIONING_PROFILE = "";
				TARGETED_DEVICE_FAMILY = 1;
			};
			name = Debug;
		};
		A4F897BD1B29B94C000EBE66 /* Release */ = {
			isa = XCBuildConfiguration;
			buildSettings = {
				ASSETCATALOG_COMPILER_APPICON_NAME = AppIcon;
				CODE_SIGN_IDENTITY = "iPhone Developer";
				"CODE_SIGN_IDENTITY[sdk=iphoneos*]" = "iPhone Developer";
				INFOPLIST_FILE = "Project Blackjack/Info.plist";
				IPHONEOS_DEPLOYMENT_TARGET = 7.1;
				LD_RUNPATH_SEARCH_PATHS = "$(inherited) @executable_path/Frameworks";
				PRODUCT_NAME = "$(TARGET_NAME)";
				PROVISIONING_PROFILE = "";
				TARGETED_DEVICE_FAMILY = 1;
			};
			name = Release;
		};
		A4F897BF1B29B94C000EBE66 /* Debug */ = {
			isa = XCBuildConfiguration;
			buildSettings = {
				BUNDLE_LOADER = "$(TEST_HOST)";
				FRAMEWORK_SEARCH_PATHS = (
					"$(SDKROOT)/Developer/Library/Frameworks",
					"$(inherited)",
				);
				GCC_PREPROCESSOR_DEFINITIONS = (
					"DEBUG=1",
					"$(inherited)",
				);
				INFOPLIST_FILE = "Project BlackjackTests/Info.plist";
				LD_RUNPATH_SEARCH_PATHS = "$(inherited) @executable_path/Frameworks @loader_path/Frameworks";
				PRODUCT_NAME = "$(TARGET_NAME)";
				TEST_HOST = "$(BUILT_PRODUCTS_DIR)/Project Blackjack.app/Project Blackjack";
			};
			name = Debug;
		};
		A4F897C01B29B94C000EBE66 /* Release */ = {
			isa = XCBuildConfiguration;
			buildSettings = {
				BUNDLE_LOADER = "$(TEST_HOST)";
				FRAMEWORK_SEARCH_PATHS = (
					"$(SDKROOT)/Developer/Library/Frameworks",
					"$(inherited)",
				);
				INFOPLIST_FILE = "Project BlackjackTests/Info.plist";
				LD_RUNPATH_SEARCH_PATHS = "$(inherited) @executable_path/Frameworks @loader_path/Frameworks";
				PRODUCT_NAME = "$(TARGET_NAME)";
				TEST_HOST = "$(BUILT_PRODUCTS_DIR)/Project Blackjack.app/Project Blackjack";
			};
			name = Release;
		};
/* End XCBuildConfiguration section */

/* Begin XCConfigurationList section */
		A4F897931B29B949000EBE66 /* Build configuration list for PBXProject "Project Blackjack" */ = {
			isa = XCConfigurationList;
			buildConfigurations = (
				A4F897B91B29B94C000EBE66 /* Debug */,
				A4F897BA1B29B94C000EBE66 /* Release */,
			);
			defaultConfigurationIsVisible = 0;
			defaultConfigurationName = Release;
		};
		A4F897BB1B29B94C000EBE66 /* Build configuration list for PBXNativeTarget "Project Blackjack" */ = {
			isa = XCConfigurationList;
			buildConfigurations = (
				A4F897BC1B29B94C000EBE66 /* Debug */,
				A4F897BD1B29B94C000EBE66 /* Release */,
			);
			defaultConfigurationIsVisible = 0;
			defaultConfigurationName = Release;
		};
		A4F897BE1B29B94C000EBE66 /* Build configuration list for PBXNativeTarget "Project BlackjackTests" */ = {
			isa = XCConfigurationList;
			buildConfigurations = (
				A4F897BF1B29B94C000EBE66 /* Debug */,
				A4F897C01B29B94C000EBE66 /* Release */,
			);
			defaultConfigurationIsVisible = 0;
			defaultConfigurationName = Release;
		};
/* End XCConfigurationList section */
	};
	rootObject = A4F897901B29B949000EBE66 /* Project object */;
}
